
Microsoft Visual Studio Solution File, Format Version 12.00
# Visual Studio Version 17
VisualStudioVersion = 17.6.33801.468
MinimumVisualStudioVersion = 10.0.40219.1
Project("{FAE04EC0-301F-11D3-BF4B-00C04F79EFBC}") = "KitaplıkUygulaması", "KitaplıkUygulaması\KitaplıkUygulaması.csproj", "{A8C06E9C-E98F-45A6-8806-04124F9A0AFB}"
EndProject
Global
	GlobalSection(SolutionConfigurationPlatforms) = preSolution
		Debug|Any CPU = Debug|Any CPU
		Release|Any CPU = Release|Any CPU
	EndGlobalSection
	GlobalSection(ProjectConfigurationPlatforms) = postSolution
		{A8C06E9C-E98F-45A6-8806-04124F9A0AFB}.Debug|Any CPU.ActiveCfg = Debug|Any CPU
		{A8C06E9C-E98F-45A6-8806-04124F9A0AFB}.Debug|Any CPU.Build.0 = Debug|Any CPU
		{A8C06E9C-E98F-45A6-8806-04124F9A0AFB}.Release|Any CPU.ActiveCfg = Release|Any CPU
		{A8C06E9C-E98F-45A6-8806-04124F9A0AFB}.Release|Any CPU.Build.0 = Release|Any CPU
	EndGlobalSection
	GlobalSection(SolutionProperties) = preSolution
		HideSolutionNode = FALSE
	EndGlobalSection
	GlobalSection(ExtensibilityGlobals) = postSolution
		SolutionGuid = {7B3D389B-0705-4E41-851B-5538DB06CC3B}
	EndGlobalSection
EndGlobal
